
Microsoft Visual Studio Solution File, Format Version 12.00
# Visual Studio 14
VisualStudioVersion = 14.0.25420.1
MinimumVisualStudioVersion = 10.0.40219.1
Project("{FAE04EC0-301F-11D3-BF4B-00C04F79EFBC}") = "Information", "Information\Information.csproj", "{7A68A6C3-D67A-450D-908D-9FA0E768E331}"
EndProject
Project("{FAE04EC0-301F-11D3-BF4B-00C04F79EFBC}") = "Binding", "Binding\Binding.csproj", "{A7D7E7FC-B6F5-4BAD-9F66-847D527232AD}"
EndProject
Project("{FAE04EC0-301F-11D3-BF4B-00C04F79EFBC}") = "BindingSource", "BindingSource\BindingSource.csproj", "{5D29328C-81C5-41F0-92D8-441F880723DE}"
EndProject
Project("{FAE04EC0-301F-11D3-BF4B-00C04F79EFBC}") = "ListBinding", "ListBinding\ListBinding.csproj", "{0D101205-97D4-477E-82C2-63997CED2876}"
EndProject
Project("{FAE04EC0-301F-11D3-BF4B-00C04F79EFBC}") = "NoPath", "NoPath\NoPath.csproj", "{C47A7DFD-68C6-47A6-83CC-BB2A159529A9}"
EndProject
Project("{FAE04EC0-301F-11D3-BF4B-00C04F79EFBC}") = "SourceBinding", "SourceBinding\SourceBinding.csproj", "{EBC82ED7-DEF6-428C-B8AD-611193441BA2}"
EndProject
Project("{FAE04EC0-301F-11D3-BF4B-00C04F79EFBC}") = "ListBoxBinding", "ListBoxBinding\ListBoxBinding.csproj", "{B4D24714-752C-49D6-B0DB-95A4687B75A8}"
EndProject
Project("{FAE04EC0-301F-11D3-BF4B-00C04F79EFBC}") = "ADONETBinding", "ADONETBinding\ADONETBinding.csproj", "{4F68B7F0-F508-4167-9262-C7C6D0402482}"
EndProject
Project("{FAE04EC0-301F-11D3-BF4B-00C04F79EFBC}") = "XMLBinding", "XMLBinding\XMLBinding.csproj", "{D8163686-4349-4DF1-937A-4B0B71BB0F3B}"
EndProject
Project("{FAE04EC0-301F-11D3-BF4B-00C04F79EFBC}") = "TreeViewBinding", "TreeViewBinding\TreeViewBinding.csproj", "{FE5FF0B3-441F-485E-9CB9-E5E3C0963A29}"
EndProject
Project("{FAE04EC0-301F-11D3-BF4B-00C04F79EFBC}") = "ObjectDataProviderBinding", "ObjectDataProviderBinding\ObjectDataProviderBinding.csproj", "{8D93A1DF-ABD2-4409-8AF3-8EE7855E4163}"
EndProject
Project("{FAE04EC0-301F-11D3-BF4B-00C04F79EFBC}") = "RelativeSource", "RelativeSource\RelativeSource.csproj", "{BE91751C-FAF1-47D4-99F7-4CB8E153BA0E}"
EndProject
Project("{FAE04EC0-301F-11D3-BF4B-00C04F79EFBC}") = "CarTemplate", "CarTemplate\CarTemplate.csproj", "{15B4E687-8819-40E8-A2C2-825512976842}"
EndProject
Project("{FAE04EC0-301F-11D3-BF4B-00C04F79EFBC}") = "ControlTemplate", "ControlTemplate\ControlTemplate.csproj", "{93BD472D-C643-412F-A5AB-982A49F509F8}"
EndProject
Project("{FAE04EC0-301F-11D3-BF4B-00C04F79EFBC}") = "InfoDemoOne", "InfoDemoOne\InfoDemoOne.csproj", "{1ED04AA5-9074-4B3A-813C-5B71C341663F}"
EndProject
Project("{FAE04EC0-301F-11D3-BF4B-00C04F79EFBC}") = "InfoDemoTwo", "InfoDemoTwo\InfoDemoTwo.csproj", "{A2DD1130-B537-48BC-89C5-E3A885D1AB64}"
EndProject
Project("{FAE04EC0-301F-11D3-BF4B-00C04F79EFBC}") = "ViewModel", "ViewModel\ViewModel.csproj", "{C6958F97-F337-42E7-816E-D52FF0B81B78}"
EndProject
Project("{2150E333-8FDC-42A3-9474-1A3956D46DE8}") = "DotNetProjects", "DotNetProjects", "{BB993DDF-4599-4BF2-B524-C4D6DA495AF5}"
EndProject
Project("{FAE04EC0-301F-11D3-BF4B-00C04F79EFBC}") = "ClientControls", "ClientControls\ClientControls.csproj", "{62CAB6A2-DB07-4C65-A34E-33A36AF87ED8}"
EndProject
Project("{FAE04EC0-301F-11D3-BF4B-00C04F79EFBC}") = "Command", "Command\Command.csproj", "{D6F56DE1-DD8F-44FB-BA12-12C53251558B}"
EndProject
Project("{FAE04EC0-301F-11D3-BF4B-00C04F79EFBC}") = "CommandPrameterCommand", "CommandPrameterCommand\CommandPrameterCommand.csproj", "{1FE49208-AB82-4175-AE5E-23B6D7F3458A}"
EndProject
Project("{FAE04EC0-301F-11D3-BF4B-00C04F79EFBC}") = "RouteEvent", "RouteEvent\RouteEvent.csproj", "{0B9C5022-F4BC-466B-9501-5176AA5C1C2F}"
EndProject
Project("{FAE04EC0-301F-11D3-BF4B-00C04F79EFBC}") = "ControlTestViewBox", "ControlTestViewBox\ControlTestViewBox.csproj", "{97933AB5-F9A7-447F-9609-F090E50DE556}"
EndProject
Project("{FAE04EC0-301F-11D3-BF4B-00C04F79EFBC}") = "ControlTestExpander", "ControlTestExpander\ControlTestExpander.csproj", "{3A8504F2-1FB2-48F0-8566-8040824AD1A2}"
EndProject
Project("{FAE04EC0-301F-11D3-BF4B-00C04F79EFBC}") = "ControlTestGroupBox", "ControlTestGroupBox\ControlTestGroupBox.csproj", "{CBC6ADEB-A4CD-45F9-B33E-E0E26AA73750}"
EndProject
Project("{FAE04EC0-301F-11D3-BF4B-00C04F79EFBC}") = "ControlTestHyperlink", "ControlTestHyperlink\ControlTestHyperlink.csproj", "{A398C987-05D9-4319-BE65-A894F085D8A9}"
EndProject
Project("{FAE04EC0-301F-11D3-BF4B-00C04F79EFBC}") = "ControlTestImage", "ControlTestImage\ControlTestImage.csproj", "{2057761B-B67C-423F-88B8-B9147BAD8A7E}"
EndProject
Project("{FAE04EC0-301F-11D3-BF4B-00C04F79EFBC}") = "ControlTestListBox", "ControlTestListBox\ControlTestListBox.csproj", "{CB73AB91-768E-4231-A87F-6147C844F501}"
EndProject
Project("{FAE04EC0-301F-11D3-BF4B-00C04F79EFBC}") = "ControlTestMenu", "ControlTestMenu\ControlTestMenu.csproj", "{5949696F-70AC-47E2-99AE-E926AB5A276D}"
EndProject
Project("{FAE04EC0-301F-11D3-BF4B-00C04F79EFBC}") = "ControlTestPassword", "ControlTestPassword\ControlTestPassword.csproj", "{7A43DFDA-0C19-4751-8D21-DFC62E5CBEBC}"
EndProject
Project("{FAE04EC0-301F-11D3-BF4B-00C04F79EFBC}") = "ControlTestRadioButton", "ControlTestRadioButton\ControlTestRadioButton.csproj", "{B8EC3DF2-048D-4940-AB43-BCA62389285B}"
EndProject
Project("{FAE04EC0-301F-11D3-BF4B-00C04F79EFBC}") = "ControlTestRichTextBox", "ControlTestRichTextBox\ControlTestRichTextBox.csproj", "{6E7ED1FE-FB40-49BB-BE94-44A66E7634CA}"
EndProject
Project("{FAE04EC0-301F-11D3-BF4B-00C04F79EFBC}") = "ControlTestFlowDocumentPageViewer", "ControlTestFlowDocumentPageViewer\ControlTestFlowDocumentPageViewer.csproj", "{68FDF003-CD82-4693-AFE5-9F42C84FEF1C}"
EndProject
Project("{FAE04EC0-301F-11D3-BF4B-00C04F79EFBC}") = "ControlTestSlider", "ControlTestSlider\ControlTestSlider.csproj", "{09EC8954-0981-4074-8E3E-961908C4D5BC}"
EndProject
Project("{FAE04EC0-301F-11D3-BF4B-00C04F79EFBC}") = "ControlTestTable", "ControlTestTable\ControlTestTable.csproj", "{286EC807-088F-4DF9-9160-C2F7D7B727D7}"
EndProject
Project("{FAE04EC0-301F-11D3-BF4B-00C04F79EFBC}") = "ControlTestTextBlock", "ControlTestTextBlock\ControlTestTextBlock.csproj", "{E47ECEB5-8F17-4692-BA15-9725AC6DE448}"
EndProject
Project("{FAE04EC0-301F-11D3-BF4B-00C04F79EFBC}") = "ControlTestTextBox", "ControlTestTextBox\ControlTestTextBox.csproj", "{F60CE0A4-2D13-4469-91C6-65810C7D480E}"
EndProject
Project("{FAE04EC0-301F-11D3-BF4B-00C04F79EFBC}") = "ControlTestToolBar", "ControlTestToolBar\ControlTestToolBar.csproj", "{8CEC2470-FCCB-41BB-926A-441CDABF6CCB}"
EndProject
Project("{FAE04EC0-301F-11D3-BF4B-00C04F79EFBC}") = "ControlTestToolTip", "ControlTestToolTip\ControlTestToolTip.csproj", "{A3A0942B-EEF6-4C1F-8844-FC0C74B5D999}"
EndProject
Project("{FAE04EC0-301F-11D3-BF4B-00C04F79EFBC}") = "ControlTestTabItem", "ControlTestTabItem\ControlTestTabItem.csproj", "{CFA517F1-483D-4286-83BC-B24F6173A5B0}"
EndProject
Project("{FAE04EC0-301F-11D3-BF4B-00C04F79EFBC}") = "ControlTestLabel", "ControlTestLabel\ControlTestLabel.csproj", "{52D06A4A-CAF2-4BBD-A55D-70555B8DFF30}"
EndProject
Project("{FAE04EC0-301F-11D3-BF4B-00C04F79EFBC}") = "ControlTestButton", "ControlTestButton\ControlTestButton.csproj", "{8676C674-DB85-4D47-BE1F-296CB61D1E0E}"
EndProject
Project("{FAE04EC0-301F-11D3-BF4B-00C04F79EFBC}") = "ControlTestRepeatButton", "ControlTestRepeatButton\ControlTestRepeatButton.csproj", "{2E491DB9-971C-4C99-A17F-F5DC6E43FC07}"
EndProject
Project("{FAE04EC0-301F-11D3-BF4B-00C04F79EFBC}") = "ControlTestToggleButton", "ControlTestToggleButton\ControlTestToggleButton.csproj", "{72B09FB3-2091-44E1-927D-A0727BCB5827}"
EndProject
Global
	GlobalSection(SolutionConfigurationPlatforms) = preSolution
		Debug|Any CPU = Debug|Any CPU
		Release|Any CPU = Release|Any CPU
	EndGlobalSection
	GlobalSection(ProjectConfigurationPlatforms) = postSolution
		{7A68A6C3-D67A-450D-908D-9FA0E768E331}.Debug|Any CPU.ActiveCfg = Debug|Any CPU
		{7A68A6C3-D67A-450D-908D-9FA0E768E331}.Debug|Any CPU.Build.0 = Debug|Any CPU
		{7A68A6C3-D67A-450D-908D-9FA0E768E331}.Release|Any CPU.ActiveCfg = Release|Any CPU
		{7A68A6C3-D67A-450D-908D-9FA0E768E331}.Release|Any CPU.Build.0 = Release|Any CPU
		{A7D7E7FC-B6F5-4BAD-9F66-847D527232AD}.Debug|Any CPU.ActiveCfg = Debug|Any CPU
		{A7D7E7FC-B6F5-4BAD-9F66-847D527232AD}.Debug|Any CPU.Build.0 = Debug|Any CPU
		{A7D7E7FC-B6F5-4BAD-9F66-847D527232AD}.Release|Any CPU.ActiveCfg = Release|Any CPU
		{A7D7E7FC-B6F5-4BAD-9F66-847D527232AD}.Release|Any CPU.Build.0 = Release|Any CPU
		{5D29328C-81C5-41F0-92D8-441F880723DE}.Debug|Any CPU.ActiveCfg = Debug|Any CPU
		{5D29328C-81C5-41F0-92D8-441F880723DE}.Debug|Any CPU.Build.0 = Debug|Any CPU
		{5D29328C-81C5-41F0-92D8-441F880723DE}.Release|Any CPU.ActiveCfg = Release|Any CPU
		{5D29328C-81C5-41F0-92D8-441F880723DE}.Release|Any CPU.Build.0 = Release|Any CPU
		{0D101205-97D4-477E-82C2-63997CED2876}.Debug|Any CPU.ActiveCfg = Debug|Any CPU
		{0D101205-97D4-477E-82C2-63997CED2876}.Debug|Any CPU.Build.0 = Debug|Any CPU
		{0D101205-97D4-477E-82C2-63997CED2876}.Release|Any CPU.ActiveCfg = Release|Any CPU
		{0D101205-97D4-477E-82C2-63997CED2876}.Release|Any CPU.Build.0 = Release|Any CPU
		{C47A7DFD-68C6-47A6-83CC-BB2A159529A9}.Debug|Any CPU.ActiveCfg = Debug|Any CPU
		{C47A7DFD-68C6-47A6-83CC-BB2A159529A9}.Debug|Any CPU.Build.0 = Debug|Any CPU
		{C47A7DFD-68C6-47A6-83CC-BB2A159529A9}.Release|Any CPU.ActiveCfg = Release|Any CPU
		{C47A7DFD-68C6-47A6-83CC-BB2A159529A9}.Release|Any CPU.Build.0 = Release|Any CPU
		{EBC82ED7-DEF6-428C-B8AD-611193441BA2}.Debug|Any CPU.ActiveCfg = Debug|Any CPU
		{EBC82ED7-DEF6-428C-B8AD-611193441BA2}.Debug|Any CPU.Build.0 = Debug|Any CPU
		{EBC82ED7-DEF6-428C-B8AD-611193441BA2}.Release|Any CPU.ActiveCfg = Release|Any CPU
		{EBC82ED7-DEF6-428C-B8AD-611193441BA2}.Release|Any CPU.Build.0 = Release|Any CPU
		{B4D24714-752C-49D6-B0DB-95A4687B75A8}.Debug|Any CPU.ActiveCfg = Debug|Any CPU
		{B4D24714-752C-49D6-B0DB-95A4687B75A8}.Debug|Any CPU.Build.0 = Debug|Any CPU
		{B4D24714-752C-49D6-B0DB-95A4687B75A8}.Release|Any CPU.ActiveCfg = Release|Any CPU
		{B4D24714-752C-49D6-B0DB-95A4687B75A8}.Release|Any CPU.Build.0 = Release|Any CPU
		{4F68B7F0-F508-4167-9262-C7C6D0402482}.Debug|Any CPU.ActiveCfg = Debug|Any CPU
		{4F68B7F0-F508-4167-9262-C7C6D0402482}.Debug|Any CPU.Build.0 = Debug|Any CPU
		{4F68B7F0-F508-4167-9262-C7C6D0402482}.Release|Any CPU.ActiveCfg = Release|Any CPU
		{4F68B7F0-F508-4167-9262-C7C6D0402482}.Release|Any CPU.Build.0 = Release|Any CPU
		{D8163686-4349-4DF1-937A-4B0B71BB0F3B}.Debug|Any CPU.ActiveCfg = Debug|Any CPU
		{D8163686-4349-4DF1-937A-4B0B71BB0F3B}.Debug|Any CPU.Build.0 = Debug|Any CPU
		{D8163686-4349-4DF1-937A-4B0B71BB0F3B}.Release|Any CPU.ActiveCfg = Release|Any CPU
		{D8163686-4349-4DF1-937A-4B0B71BB0F3B}.Release|Any CPU.Build.0 = Release|Any CPU
		{FE5FF0B3-441F-485E-9CB9-E5E3C0963A29}.Debug|Any CPU.ActiveCfg = Debug|Any CPU
		{FE5FF0B3-441F-485E-9CB9-E5E3C0963A29}.Debug|Any CPU.Build.0 = Debug|Any CPU
		{FE5FF0B3-441F-485E-9CB9-E5E3C0963A29}.Release|Any CPU.ActiveCfg = Release|Any CPU
		{FE5FF0B3-441F-485E-9CB9-E5E3C0963A29}.Release|Any CPU.Build.0 = Release|Any CPU
		{8D93A1DF-ABD2-4409-8AF3-8EE7855E4163}.Debug|Any CPU.ActiveCfg = Debug|Any CPU
		{8D93A1DF-ABD2-4409-8AF3-8EE7855E4163}.Debug|Any CPU.Build.0 = Debug|Any CPU
		{8D93A1DF-ABD2-4409-8AF3-8EE7855E4163}.Release|Any CPU.ActiveCfg = Release|Any CPU
		{8D93A1DF-ABD2-4409-8AF3-8EE7855E4163}.Release|Any CPU.Build.0 = Release|Any CPU
		{BE91751C-FAF1-47D4-99F7-4CB8E153BA0E}.Debug|Any CPU.ActiveCfg = Debug|Any CPU
		{BE91751C-FAF1-47D4-99F7-4CB8E153BA0E}.Debug|Any CPU.Build.0 = Debug|Any CPU
		{BE91751C-FAF1-47D4-99F7-4CB8E153BA0E}.Release|Any CPU.ActiveCfg = Release|Any CPU
		{BE91751C-FAF1-47D4-99F7-4CB8E153BA0E}.Release|Any CPU.Build.0 = Release|Any CPU
		{15B4E687-8819-40E8-A2C2-825512976842}.Debug|Any CPU.ActiveCfg = Debug|Any CPU
		{15B4E687-8819-40E8-A2C2-825512976842}.Debug|Any CPU.Build.0 = Debug|Any CPU
		{15B4E687-8819-40E8-A2C2-825512976842}.Release|Any CPU.ActiveCfg = Release|Any CPU
		{15B4E687-8819-40E8-A2C2-825512976842}.Release|Any CPU.Build.0 = Release|Any CPU
		{93BD472D-C643-412F-A5AB-982A49F509F8}.Debug|Any CPU.ActiveCfg = Debug|Any CPU
		{93BD472D-C643-412F-A5AB-982A49F509F8}.Debug|Any CPU.Build.0 = Debug|Any CPU
		{93BD472D-C643-412F-A5AB-982A49F509F8}.Release|Any CPU.ActiveCfg = Release|Any CPU
		{93BD472D-C643-412F-A5AB-982A49F509F8}.Release|Any CPU.Build.0 = Release|Any CPU
		{1ED04AA5-9074-4B3A-813C-5B71C341663F}.Debug|Any CPU.ActiveCfg = Debug|Any CPU
		{1ED04AA5-9074-4B3A-813C-5B71C341663F}.Debug|Any CPU.Build.0 = Debug|Any CPU
		{1ED04AA5-9074-4B3A-813C-5B71C341663F}.Release|Any CPU.ActiveCfg = Release|Any CPU
		{1ED04AA5-9074-4B3A-813C-5B71C341663F}.Release|Any CPU.Build.0 = Release|Any CPU
		{A2DD1130-B537-48BC-89C5-E3A885D1AB64}.Debug|Any CPU.ActiveCfg = Debug|Any CPU
		{A2DD1130-B537-48BC-89C5-E3A885D1AB64}.Debug|Any CPU.Build.0 = Debug|Any CPU
		{A2DD1130-B537-48BC-89C5-E3A885D1AB64}.Release|Any CPU.ActiveCfg = Release|Any CPU
		{A2DD1130-B537-48BC-89C5-E3A885D1AB64}.Release|Any CPU.Build.0 = Release|Any CPU
		{C6958F97-F337-42E7-816E-D52FF0B81B78}.Debug|Any CPU.ActiveCfg = Debug|Any CPU
		{C6958F97-F337-42E7-816E-D52FF0B81B78}.Debug|Any CPU.Build.0 = Debug|Any CPU
		{C6958F97-F337-42E7-816E-D52FF0B81B78}.Release|Any CPU.ActiveCfg = Release|Any CPU
		{C6958F97-F337-42E7-816E-D52FF0B81B78}.Release|Any CPU.Build.0 = Release|Any CPU
		{62CAB6A2-DB07-4C65-A34E-33A36AF87ED8}.Debug|Any CPU.ActiveCfg = Debug|Any CPU
		{62CAB6A2-DB07-4C65-A34E-33A36AF87ED8}.Debug|Any CPU.Build.0 = Debug|Any CPU
		{62CAB6A2-DB07-4C65-A34E-33A36AF87ED8}.Release|Any CPU.ActiveCfg = Release|Any CPU
		{62CAB6A2-DB07-4C65-A34E-33A36AF87ED8}.Release|Any CPU.Build.0 = Release|Any CPU
		{D6F56DE1-DD8F-44FB-BA12-12C53251558B}.Debug|Any CPU.ActiveCfg = Debug|Any CPU
		{D6F56DE1-DD8F-44FB-BA12-12C53251558B}.Debug|Any CPU.Build.0 = Debug|Any CPU
		{D6F56DE1-DD8F-44FB-BA12-12C53251558B}.Release|Any CPU.ActiveCfg = Release|Any CPU
		{D6F56DE1-DD8F-44FB-BA12-12C53251558B}.Release|Any CPU.Build.0 = Release|Any CPU
		{1FE49208-AB82-4175-AE5E-23B6D7F3458A}.Debug|Any CPU.ActiveCfg = Debug|Any CPU
		{1FE49208-AB82-4175-AE5E-23B6D7F3458A}.Debug|Any CPU.Build.0 = Debug|Any CPU
		{1FE49208-AB82-4175-AE5E-23B6D7F3458A}.Release|Any CPU.ActiveCfg = Release|Any CPU
		{1FE49208-AB82-4175-AE5E-23B6D7F3458A}.Release|Any CPU.Build.0 = Release|Any CPU
		{0B9C5022-F4BC-466B-9501-5176AA5C1C2F}.Debug|Any CPU.ActiveCfg = Debug|Any CPU
		{0B9C5022-F4BC-466B-9501-5176AA5C1C2F}.Debug|Any CPU.Build.0 = Debug|Any CPU
		{0B9C5022-F4BC-466B-9501-5176AA5C1C2F}.Release|Any CPU.ActiveCfg = Release|Any CPU
		{0B9C5022-F4BC-466B-9501-5176AA5C1C2F}.Release|Any CPU.Build.0 = Release|Any CPU
		{97933AB5-F9A7-447F-9609-F090E50DE556}.Debug|Any CPU.ActiveCfg = Debug|Any CPU
		{97933AB5-F9A7-447F-9609-F090E50DE556}.Debug|Any CPU.Build.0 = Debug|Any CPU
		{97933AB5-F9A7-447F-9609-F090E50DE556}.Release|Any CPU.ActiveCfg = Release|Any CPU
		{97933AB5-F9A7-447F-9609-F090E50DE556}.Release|Any CPU.Build.0 = Release|Any CPU
		{3A8504F2-1FB2-48F0-8566-8040824AD1A2}.Debug|Any CPU.ActiveCfg = Debug|Any CPU
		{3A8504F2-1FB2-48F0-8566-8040824AD1A2}.Debug|Any CPU.Build.0 = Debug|Any CPU
		{3A8504F2-1FB2-48F0-8566-8040824AD1A2}.Release|Any CPU.ActiveCfg = Release|Any CPU
		{3A8504F2-1FB2-48F0-8566-8040824AD1A2}.Release|Any CPU.Build.0 = Release|Any CPU
		{CBC6ADEB-A4CD-45F9-B33E-E0E26AA73750}.Debug|Any CPU.ActiveCfg = Debug|Any CPU
		{CBC6ADEB-A4CD-45F9-B33E-E0E26AA73750}.Debug|Any CPU.Build.0 = Debug|Any CPU
		{CBC6ADEB-A4CD-45F9-B33E-E0E26AA73750}.Release|Any CPU.ActiveCfg = Release|Any CPU
		{CBC6ADEB-A4CD-45F9-B33E-E0E26AA73750}.Release|Any CPU.Build.0 = Release|Any CPU
		{A398C987-05D9-4319-BE65-A894F085D8A9}.Debug|Any CPU.ActiveCfg = Debug|Any CPU
		{A398C987-05D9-4319-BE65-A894F085D8A9}.Debug|Any CPU.Build.0 = Debug|Any CPU
		{A398C987-05D9-4319-BE65-A894F085D8A9}.Release|Any CPU.ActiveCfg = Release|Any CPU
		{A398C987-05D9-4319-BE65-A894F085D8A9}.Release|Any CPU.Build.0 = Release|Any CPU
		{2057761B-B67C-423F-88B8-B9147BAD8A7E}.Debug|Any CPU.ActiveCfg = Debug|Any CPU
		{2057761B-B67C-423F-88B8-B9147BAD8A7E}.Debug|Any CPU.Build.0 = Debug|Any CPU
		{2057761B-B67C-423F-88B8-B9147BAD8A7E}.Release|Any CPU.ActiveCfg = Release|Any CPU
		{2057761B-B67C-423F-88B8-B9147BAD8A7E}.Release|Any CPU.Build.0 = Release|Any CPU
		{CB73AB91-768E-4231-A87F-6147C844F501}.Debug|Any CPU.ActiveCfg = Debug|Any CPU
		{CB73AB91-768E-4231-A87F-6147C844F501}.Debug|Any CPU.Build.0 = Debug|Any CPU
		{CB73AB91-768E-4231-A87F-6147C844F501}.Release|Any CPU.ActiveCfg = Release|Any CPU
		{CB73AB91-768E-4231-A87F-6147C844F501}.Release|Any CPU.Build.0 = Release|Any CPU
		{5949696F-70AC-47E2-99AE-E926AB5A276D}.Debug|Any CPU.ActiveCfg = Debug|Any CPU
		{5949696F-70AC-47E2-99AE-E926AB5A276D}.Debug|Any CPU.Build.0 = Debug|Any CPU
		{5949696F-70AC-47E2-99AE-E926AB5A276D}.Release|Any CPU.ActiveCfg = Release|Any CPU
		{5949696F-70AC-47E2-99AE-E926AB5A276D}.Release|Any CPU.Build.0 = Release|Any CPU
		{7A43DFDA-0C19-4751-8D21-DFC62E5CBEBC}.Debug|Any CPU.ActiveCfg = Debug|Any CPU
		{7A43DFDA-0C19-4751-8D21-DFC62E5CBEBC}.Debug|Any CPU.Build.0 = Debug|Any CPU
		{7A43DFDA-0C19-4751-8D21-DFC62E5CBEBC}.Release|Any CPU.ActiveCfg = Release|Any CPU
		{7A43DFDA-0C19-4751-8D21-DFC62E5CBEBC}.Release|Any CPU.Build.0 = Release|Any CPU
		{B8EC3DF2-048D-4940-AB43-BCA62389285B}.Debug|Any CPU.ActiveCfg = Debug|Any CPU
		{B8EC3DF2-048D-4940-AB43-BCA62389285B}.Debug|Any CPU.Build.0 = Debug|Any CPU
		{B8EC3DF2-048D-4940-AB43-BCA62389285B}.Release|Any CPU.ActiveCfg = Release|Any CPU
		{B8EC3DF2-048D-4940-AB43-BCA62389285B}.Release|Any CPU.Build.0 = Release|Any CPU
		{6E7ED1FE-FB40-49BB-BE94-44A66E7634CA}.Debug|Any CPU.ActiveCfg = Debug|Any CPU
		{6E7ED1FE-FB40-49BB-BE94-44A66E7634CA}.Debug|Any CPU.Build.0 = Debug|Any CPU
		{6E7ED1FE-FB40-49BB-BE94-44A66E7634CA}.Release|Any CPU.ActiveCfg = Release|Any CPU
		{6E7ED1FE-FB40-49BB-BE94-44A66E7634CA}.Release|Any CPU.Build.0 = Release|Any CPU
		{68FDF003-CD82-4693-AFE5-9F42C84FEF1C}.Debug|Any CPU.ActiveCfg = Debug|Any CPU
		{68FDF003-CD82-4693-AFE5-9F42C84FEF1C}.Debug|Any CPU.Build.0 = Debug|Any CPU
		{68FDF003-CD82-4693-AFE5-9F42C84FEF1C}.Release|Any CPU.ActiveCfg = Release|Any CPU
		{68FDF003-CD82-4693-AFE5-9F42C84FEF1C}.Release|Any CPU.Build.0 = Release|Any CPU
		{09EC8954-0981-4074-8E3E-961908C4D5BC}.Debug|Any CPU.ActiveCfg = Debug|Any CPU
		{09EC8954-0981-4074-8E3E-961908C4D5BC}.Debug|Any CPU.Build.0 = Debug|Any CPU
		{09EC8954-0981-4074-8E3E-961908C4D5BC}.Release|Any CPU.ActiveCfg = Release|Any CPU
		{09EC8954-0981-4074-8E3E-961908C4D5BC}.Release|Any CPU.Build.0 = Release|Any CPU
		{286EC807-088F-4DF9-9160-C2F7D7B727D7}.Debug|Any CPU.ActiveCfg = Debug|Any CPU
		{286EC807-088F-4DF9-9160-C2F7D7B727D7}.Debug|Any CPU.Build.0 = Debug|Any CPU
		{286EC807-088F-4DF9-9160-C2F7D7B727D7}.Release|Any CPU.ActiveCfg = Release|Any CPU
		{286EC807-088F-4DF9-9160-C2F7D7B727D7}.Release|Any CPU.Build.0 = Release|Any CPU
		{E47ECEB5-8F17-4692-BA15-9725AC6DE448}.Debug|Any CPU.ActiveCfg = Debug|Any CPU
		{E47ECEB5-8F17-4692-BA15-9725AC6DE448}.Debug|Any CPU.Build.0 = Debug|Any CPU
		{E47ECEB5-8F17-4692-BA15-9725AC6DE448}.Release|Any CPU.ActiveCfg = Release|Any CPU
		{E47ECEB5-8F17-4692-BA15-9725AC6DE448}.Release|Any CPU.Build.0 = Release|Any CPU
		{F60CE0A4-2D13-4469-91C6-65810C7D480E}.Debug|Any CPU.ActiveCfg = Debug|Any CPU
		{F60CE0A4-2D13-4469-91C6-65810C7D480E}.Debug|Any CPU.Build.0 = Debug|Any CPU
		{F60CE0A4-2D13-4469-91C6-65810C7D480E}.Release|Any CPU.ActiveCfg = Release|Any CPU
		{F60CE0A4-2D13-4469-91C6-65810C7D480E}.Release|Any CPU.Build.0 = Release|Any CPU
		{8CEC2470-FCCB-41BB-926A-441CDABF6CCB}.Debug|Any CPU.ActiveCfg = Debug|Any CPU
		{8CEC2470-FCCB-41BB-926A-441CDABF6CCB}.Debug|Any CPU.Build.0 = Debug|Any CPU
		{8CEC2470-FCCB-41BB-926A-441CDABF6CCB}.Release|Any CPU.ActiveCfg = Release|Any CPU
		{8CEC2470-FCCB-41BB-926A-441CDABF6CCB}.Release|Any CPU.Build.0 = Release|Any CPU
		{A3A0942B-EEF6-4C1F-8844-FC0C74B5D999}.Debug|Any CPU.ActiveCfg = Debug|Any CPU
		{A3A0942B-EEF6-4C1F-8844-FC0C74B5D999}.Debug|Any CPU.Build.0 = Debug|Any CPU
		{A3A0942B-EEF6-4C1F-8844-FC0C74B5D999}.Release|Any CPU.ActiveCfg = Release|Any CPU
		{A3A0942B-EEF6-4C1F-8844-FC0C74B5D999}.Release|Any CPU.Build.0 = Release|Any CPU
		{CFA517F1-483D-4286-83BC-B24F6173A5B0}.Debug|Any CPU.ActiveCfg = Debug|Any CPU
		{CFA517F1-483D-4286-83BC-B24F6173A5B0}.Debug|Any CPU.Build.0 = Debug|Any CPU
		{CFA517F1-483D-4286-83BC-B24F6173A5B0}.Release|Any CPU.ActiveCfg = Release|Any CPU
		{CFA517F1-483D-4286-83BC-B24F6173A5B0}.Release|Any CPU.Build.0 = Release|Any CPU
		{52D06A4A-CAF2-4BBD-A55D-70555B8DFF30}.Debug|Any CPU.ActiveCfg = Debug|Any CPU
		{52D06A4A-CAF2-4BBD-A55D-70555B8DFF30}.Debug|Any CPU.Build.0 = Debug|Any CPU
		{52D06A4A-CAF2-4BBD-A55D-70555B8DFF30}.Release|Any CPU.ActiveCfg = Release|Any CPU
		{52D06A4A-CAF2-4BBD-A55D-70555B8DFF30}.Release|Any CPU.Build.0 = Release|Any CPU
		{8676C674-DB85-4D47-BE1F-296CB61D1E0E}.Debug|Any CPU.ActiveCfg = Debug|Any CPU
		{8676C674-DB85-4D47-BE1F-296CB61D1E0E}.Debug|Any CPU.Build.0 = Debug|Any CPU
		{8676C674-DB85-4D47-BE1F-296CB61D1E0E}.Release|Any CPU.ActiveCfg = Release|Any CPU
		{8676C674-DB85-4D47-BE1F-296CB61D1E0E}.Release|Any CPU.Build.0 = Release|Any CPU
		{2E491DB9-971C-4C99-A17F-F5DC6E43FC07}.Debug|Any CPU.ActiveCfg = Debug|Any CPU
		{2E491DB9-971C-4C99-A17F-F5DC6E43FC07}.Debug|Any CPU.Build.0 = Debug|Any CPU
		{2E491DB9-971C-4C99-A17F-F5DC6E43FC07}.Release|Any CPU.ActiveCfg = Release|Any CPU
		{2E491DB9-971C-4C99-A17F-F5DC6E43FC07}.Release|Any CPU.Build.0 = Release|Any CPU
		{72B09FB3-2091-44E1-927D-A0727BCB5827}.Debug|Any CPU.ActiveCfg = Debug|Any CPU
		{72B09FB3-2091-44E1-927D-A0727BCB5827}.Debug|Any CPU.Build.0 = Debug|Any CPU
		{72B09FB3-2091-44E1-927D-A0727BCB5827}.Release|Any CPU.ActiveCfg = Release|Any CPU
		{72B09FB3-2091-44E1-927D-A0727BCB5827}.Release|Any CPU.Build.0 = Release|Any CPU
	EndGlobalSection
	GlobalSection(SolutionProperties) = preSolution
		HideSolutionNode = FALSE
	EndGlobalSection
	GlobalSection(NestedProjects) = preSolution
		{62CAB6A2-DB07-4C65-A34E-33A36AF87ED8} = {BB993DDF-4599-4BF2-B524-C4D6DA495AF5}
	EndGlobalSection
EndGlobal
